
Microsoft Visual Studio Solution File, Format Version 12.00
# Visual Studio Version 17
VisualStudioVersion = 17.11.35303.130
MinimumVisualStudioVersion = 10.0.40219.1
Project("{FAE04EC0-301F-11D3-BF4B-00C04F79EFBC}") = "Currency_Converter_realValues", "Currency_Converter_realValues\Currency_Converter_realValues.csproj", "{FA3BBB10-13A1-4B09-B83E-01C79DE45CE8}"
EndProject
Global
	GlobalSection(SolutionConfigurationPlatforms) = preSolution
		Debug|Any CPU = Debug|Any CPU
		Release|Any CPU = Release|Any CPU
	EndGlobalSection
	GlobalSection(ProjectConfigurationPlatforms) = postSolution
		{FA3BBB10-13A1-4B09-B83E-01C79DE45CE8}.Debug|Any CPU.ActiveCfg = Debug|Any CPU
		{FA3BBB10-13A1-4B09-B83E-01C79DE45CE8}.Debug|Any CPU.Build.0 = Debug|Any CPU
		{FA3BBB10-13A1-4B09-B83E-01C79DE45CE8}.Release|Any CPU.ActiveCfg = Release|Any CPU
		{FA3BBB10-13A1-4B09-B83E-01C79DE45CE8}.Release|Any CPU.Build.0 = Release|Any CPU
	EndGlobalSection
	GlobalSection(SolutionProperties) = preSolution
		HideSolutionNode = FALSE
	EndGlobalSection
	GlobalSection(ExtensibilityGlobals) = postSolution
		SolutionGuid = {8E2AE1E5-873F-483B-948B-7FE0A45161AB}
	EndGlobalSection
EndGlobal
